
Microsoft Visual Studio Solution File, Format Version 12.00
# Visual Studio Version 16
VisualStudioVersion = 16.0.31911.196
MinimumVisualStudioVersion = 10.0.40219.1
Project("{FAE04EC0-301F-11D3-BF4B-00C04F79EFBC}") = "ChatUDP", "ChatUDP\ChatUDP.csproj", "{A31C0191-B606-4B5C-B494-3A71DB80844F}"
EndProject
Project("{FAE04EC0-301F-11D3-BF4B-00C04F79EFBC}") = "ChatUDPClient", "ChatUDPClient\ChatUDPClient.csproj", "{6CBB9628-8F4D-4A19-93C5-20BC9306A4CA}"
EndProject
Global
	GlobalSection(SolutionConfigurationPlatforms) = preSolution
		Debug|Any CPU = Debug|Any CPU
		Release|Any CPU = Release|Any CPU
	EndGlobalSection
	GlobalSection(ProjectConfigurationPlatforms) = postSolution
		{A31C0191-B606-4B5C-B494-3A71DB80844F}.Debug|Any CPU.ActiveCfg = Debug|Any CPU
		{A31C0191-B606-4B5C-B494-3A71DB80844F}.Debug|Any CPU.Build.0 = Debug|Any CPU
		{A31C0191-B606-4B5C-B494-3A71DB80844F}.Release|Any CPU.ActiveCfg = Release|Any CPU
		{A31C0191-B606-4B5C-B494-3A71DB80844F}.Release|Any CPU.Build.0 = Release|Any CPU
		{6CBB9628-8F4D-4A19-93C5-20BC9306A4CA}.Debug|Any CPU.ActiveCfg = Debug|Any CPU
		{6CBB9628-8F4D-4A19-93C5-20BC9306A4CA}.Debug|Any CPU.Build.0 = Debug|Any CPU
		{6CBB9628-8F4D-4A19-93C5-20BC9306A4CA}.Release|Any CPU.ActiveCfg = Release|Any CPU
		{6CBB9628-8F4D-4A19-93C5-20BC9306A4CA}.Release|Any CPU.Build.0 = Release|Any CPU
	EndGlobalSection
	GlobalSection(SolutionProperties) = preSolution
		HideSolutionNode = FALSE
	EndGlobalSection
	GlobalSection(ExtensibilityGlobals) = postSolution
		SolutionGuid = {03563391-4237-4030-8EBA-C4633541FF4B}
	EndGlobalSection
EndGlobal
